
Microsoft Visual Studio Solution File, Format Version 12.00
# Visual Studio 2012
Project("{E24C65DC-7377-472B-9ABA-BC803B73C61A}") = "Mensajeria", ".", "{1C1357E1-6AC7-4FB4-9FC9-F61FF844434E}"
	ProjectSection(WebsiteProperties) = preProject
		TargetFrameworkMoniker = ".NETFramework,Version%3Dv4.5"
		Debug.AspNetCompiler.VirtualPath = "/Mensajeria"
		Debug.AspNetCompiler.PhysicalPath = "..\Mensajeria\"
		Debug.AspNetCompiler.TargetPath = "PrecompiledWeb\Mensajeria\"
		Debug.AspNetCompiler.Updateable = "true"
		Debug.AspNetCompiler.ForceOverwrite = "true"
		Debug.AspNetCompiler.FixedNames = "false"
		Debug.AspNetCompiler.Debug = "True"
		Release.AspNetCompiler.VirtualPath = "/Mensajeria"
		Release.AspNetCompiler.PhysicalPath = "..\Mensajeria\"
		Release.AspNetCompiler.TargetPath = "PrecompiledWeb\Mensajeria\"
		Release.AspNetCompiler.Updateable = "true"
		Release.AspNetCompiler.ForceOverwrite = "true"
		Release.AspNetCompiler.FixedNames = "false"
		Release.AspNetCompiler.Debug = "False"
		VWDPort = "51159"
	EndProjectSection
EndProject
Global
	GlobalSection(SolutionConfigurationPlatforms) = preSolution
		Debug|Any CPU = Debug|Any CPU
	EndGlobalSection
	GlobalSection(ProjectConfigurationPlatforms) = postSolution
		{1C1357E1-6AC7-4FB4-9FC9-F61FF844434E}.Debug|Any CPU.ActiveCfg = Debug|Any CPU
		{1C1357E1-6AC7-4FB4-9FC9-F61FF844434E}.Debug|Any CPU.Build.0 = Debug|Any CPU
	EndGlobalSection
	GlobalSection(SolutionProperties) = preSolution
		HideSolutionNode = FALSE
	EndGlobalSection
EndGlobal
