
Microsoft Visual Studio Solution File, Format Version 12.00
# Visual Studio 2012
Project("{FAE04EC0-301F-11D3-BF4B-00C04F79EFBC}") = "pruebaClassLib1", "pruebaClassLib1\pruebaClassLib1.csproj", "{09C649CF-FF31-4130-B244-8A652E9E7582}"
EndProject
Global
	GlobalSection(SolutionConfigurationPlatforms) = preSolution
		Debug|Any CPU = Debug|Any CPU
		Release|Any CPU = Release|Any CPU
	EndGlobalSection
	GlobalSection(ProjectConfigurationPlatforms) = postSolution
		{09C649CF-FF31-4130-B244-8A652E9E7582}.Debug|Any CPU.ActiveCfg = Debug|Any CPU
		{09C649CF-FF31-4130-B244-8A652E9E7582}.Debug|Any CPU.Build.0 = Debug|Any CPU
		{09C649CF-FF31-4130-B244-8A652E9E7582}.Release|Any CPU.ActiveCfg = Release|Any CPU
		{09C649CF-FF31-4130-B244-8A652E9E7582}.Release|Any CPU.Build.0 = Release|Any CPU
	EndGlobalSection
	GlobalSection(SolutionProperties) = preSolution
		HideSolutionNode = FALSE
	EndGlobalSection
EndGlobal
